
Microsoft Visual Studio Solution File, Format Version 12.00
# Visual Studio Version 17
VisualStudioVersion = 17.0.31903.59
MinimumVisualStudioVersion = 10.0.40219.1
Project("{FAE04EC0-301F-11D3-BF4B-00C04F79EFBC}") = "EauClairSalon", "EauClairSalon\EauClairSalon.csproj", "{DDCD91CE-D385-459D-B292-31D0CA777FB2}"
EndProject
Project("{FAE04EC0-301F-11D3-BF4B-00C04F79EFBC}") = "EauClairSalon.Tests", "EauClairSalon.Tests\EauClairSalon.Tests.csproj", "{EEA67A54-CF30-491C-8924-6DADE94CEB45}"
EndProject
Global
	GlobalSection(SolutionConfigurationPlatforms) = preSolution
		Debug|Any CPU = Debug|Any CPU
		Release|Any CPU = Release|Any CPU
	EndGlobalSection
	GlobalSection(SolutionProperties) = preSolution
		HideSolutionNode = FALSE
	EndGlobalSection
	GlobalSection(ProjectConfigurationPlatforms) = postSolution
		{DDCD91CE-D385-459D-B292-31D0CA777FB2}.Debug|Any CPU.ActiveCfg = Debug|Any CPU
		{DDCD91CE-D385-459D-B292-31D0CA777FB2}.Debug|Any CPU.Build.0 = Debug|Any CPU
		{DDCD91CE-D385-459D-B292-31D0CA777FB2}.Release|Any CPU.ActiveCfg = Release|Any CPU
		{DDCD91CE-D385-459D-B292-31D0CA777FB2}.Release|Any CPU.Build.0 = Release|Any CPU
		{EEA67A54-CF30-491C-8924-6DADE94CEB45}.Debug|Any CPU.ActiveCfg = Debug|Any CPU
		{EEA67A54-CF30-491C-8924-6DADE94CEB45}.Debug|Any CPU.Build.0 = Debug|Any CPU
		{EEA67A54-CF30-491C-8924-6DADE94CEB45}.Release|Any CPU.ActiveCfg = Release|Any CPU
		{EEA67A54-CF30-491C-8924-6DADE94CEB45}.Release|Any CPU.Build.0 = Release|Any CPU
	EndGlobalSection
EndGlobal
